# THIS IS AN AUTOGENERATED FILE. DO NOT EDIT THIS FILE DIRECTLY.
# yarn lockfile v1


"@next/env@13.0.6":
  "integrity" "sha512-yceT6DCHKqPRS1cAm8DHvDvK74DLIkDQdm5iV+GnIts8h0QbdHvkUIkdOvQoOODgpr6018skbmSQp12z5OWIQQ=="
  "resolved" "https://registry.npmjs.org/@next/env/-/env-13.0.6.tgz"
  "version" "13.0.6"

"@next/swc-darwin-arm64@13.0.6":
  "integrity" "sha512-AUVEpVTxbP/fxdFsjVI9d5a0CFn6NVV7A/RXOb0Y+pXKIIZ1V5rFjPwpYfIfyOo2lrqgehMNQcyMRoTrhq04xg=="
  "resolved" "https://registry.npmjs.org/@next/swc-darwin-arm64/-/swc-darwin-arm64-13.0.6.tgz"
  "version" "13.0.6"

"@resvg/resvg-wasm@2.0.0-alpha.4":
  "integrity" "sha512-pWIG9a/x1ky8gXKRhPH1OPKpHFoMN1ISLbJ+O+gPXQHIAKhNd5I28RlWf7q576hAOQA9JZTlo3p/M2uyLzJmmw=="
  "resolved" "https://registry.npmjs.org/@resvg/resvg-wasm/-/resvg-wasm-2.0.0-alpha.4.tgz"
  "version" "2.0.0-alpha.4"

"@shuding/opentype.js@1.4.0-beta.0":
  "integrity" "sha512-3NgmNyH3l/Hv6EvsWJbsvpcpUba6R8IREQ83nH83cyakCw7uM1arZKNfHwv1Wz6jgqrF/j4x5ELvR6PnK9nTcA=="
  "resolved" "https://registry.npmjs.org/@shuding/opentype.js/-/opentype.js-1.4.0-beta.0.tgz"
  "version" "1.4.0-beta.0"
  dependencies:
    "fflate" "^0.7.3"
    "string.prototype.codepointat" "^0.2.1"

"@swc/helpers@0.4.14":
  "integrity" "sha512-4C7nX/dvpzB7za4Ql9K81xK3HPxCpHMgwTZVyf+9JQ6VUbn9jjZVN7/Nkdz/Ugzs2CSjqnL/UPXroiVBVHUWUw=="
  "resolved" "https://registry.npmjs.org/@swc/helpers/-/helpers-0.4.14.tgz"
  "version" "0.4.14"
  dependencies:
    "tslib" "^2.4.0"

"@types/node@18.11.11":
  "integrity" "sha512-KJ021B1nlQUBLopzZmPBVuGU9un7WJd/W4ya7Ih02B4Uwky5Nja0yGYav2EfYIk0RR2Q9oVhf60S2XR1BCWJ2g=="
  "resolved" "https://registry.npmjs.org/@types/node/-/node-18.11.11.tgz"
  "version" "18.11.11"

"@types/prop-types@*":
  "integrity" "sha512-JCB8C6SnDoQf0cNycqd/35A7MjcnK+ZTqE7judS6o7utxUCg6imJg3QK2qzHKszlTjcj2cn+NwMB2i96ubpj7w=="
  "resolved" "https://registry.npmjs.org/@types/prop-types/-/prop-types-15.7.5.tgz"
  "version" "15.7.5"

"@types/react@18.0.26":
  "integrity" "sha512-hCR3PJQsAIXyxhTNSiDFY//LhnMZWpNNr5etoCqx/iUfGc5gXWtQR2Phl908jVR6uPXacojQWTg4qRpkxTuGug=="
  "resolved" "https://registry.npmjs.org/@types/react/-/react-18.0.26.tgz"
  "version" "18.0.26"
  dependencies:
    "@types/prop-types" "*"
    "@types/scheduler" "*"
    "csstype" "^3.0.2"

"@types/scheduler@*":
  "integrity" "sha512-hppQEBDmlwhFAXKJX2KnWLYu5yMfi91yazPb2l+lbJiwW+wdo1gNeRA+3RgNSO39WYX2euey41KEwnqesU2Jew=="
  "resolved" "https://registry.npmjs.org/@types/scheduler/-/scheduler-0.16.2.tgz"
  "version" "0.16.2"

"@types/yoga-layout@1.9.2":
  "integrity" "sha512-S9q47ByT2pPvD65IvrWp7qppVMpk9WGMbVq9wbWZOHg6tnXSD4vyhao6nOSBwwfDdV2p3Kx9evA9vI+XWTfDvw=="
  "resolved" "https://registry.npmjs.org/@types/yoga-layout/-/yoga-layout-1.9.2.tgz"
  "version" "1.9.2"

"@vercel/og@^0.0.21":
  "integrity" "sha512-WgMahG5c8UM7xtn/mT+ljUpDMSDnSlu8AXL52JtTwxb1odrd0GWqZg2N1X38wulPj+sCccNpDdFmmAuw0GLc+Q=="
  "resolved" "https://registry.npmjs.org/@vercel/og/-/og-0.0.21.tgz"
  "version" "0.0.21"
  dependencies:
    "@resvg/resvg-wasm" "2.0.0-alpha.4"
    "satori" "0.0.44"
    "yoga-wasm-web" "0.1.2"

"camelize@^1.0.0":
  "integrity" "sha512-dU+Tx2fsypxTgtLoE36npi3UqcjSSMNYfkqgmoEhtZrraP5VWq0K7FkWVTYa8eMPtnU/G2txVsfdCJTn9uzpuQ=="
  "resolved" "https://registry.npmjs.org/camelize/-/camelize-1.0.1.tgz"
  "version" "1.0.1"

"caniuse-lite@^1.0.30001406":
  "integrity" "sha512-ZmWkKsnC2ifEPoWUvSAIGyOYwT+keAaaWPHiQ9DfMqS1t6tfuyFYoWR78TeZtznkEQ64+vGXH9cZrElwR2Mrxg=="
  "resolved" "https://registry.npmjs.org/caniuse-lite/-/caniuse-lite-1.0.30001436.tgz"
  "version" "1.0.30001436"

"client-only@0.0.1":
  "integrity" "sha512-IV3Ou0jSMzZrd3pZ48nLkT9DA7Ag1pnPzaiQhpW7c3RbcqqzvzzVu+L8gfqMp/8IM2MQtSiqaCxrrcfu8I8rMA=="
  "resolved" "https://registry.npmjs.org/client-only/-/client-only-0.0.1.tgz"
  "version" "0.0.1"

"css-background-parser@^0.1.0":
  "integrity" "sha512-2EZLisiZQ+7m4wwur/qiYJRniHX4K5Tc9w93MT3AS0WS1u5kaZ4FKXlOTBhOjc+CgEgPiGY+fX1yWD8UwpEqUA=="
  "resolved" "https://registry.npmjs.org/css-background-parser/-/css-background-parser-0.1.0.tgz"
  "version" "0.1.0"

"css-box-shadow@1.0.0-3":
  "integrity" "sha512-9jaqR6e7Ohds+aWwmhe6wILJ99xYQbfmK9QQB9CcMjDbTxPZjwEmUQpU91OG05Xgm8BahT5fW+svbsQGjS/zPg=="
  "resolved" "https://registry.npmjs.org/css-box-shadow/-/css-box-shadow-1.0.0-3.tgz"
  "version" "1.0.0-3"

"css-color-keywords@^1.0.0":
  "integrity" "sha512-FyyrDHZKEjXDpNJYvVsV960FiqQyXc/LlYmsxl2BcdMb2WPx0OGRVgTg55rPSyLSNMqP52R9r8geSp7apN3Ofg=="
  "resolved" "https://registry.npmjs.org/css-color-keywords/-/css-color-keywords-1.0.0.tgz"
  "version" "1.0.0"

"css-to-react-native@^3.0.0":
  "integrity" "sha512-Ro1yETZA813eoyUp2GDBhG2j+YggidUmzO1/v9eYBKR2EHVEniE2MI/NqpTQ954BMpTPZFsGNPm46qFB9dpaPQ=="
  "resolved" "https://registry.npmjs.org/css-to-react-native/-/css-to-react-native-3.0.0.tgz"
  "version" "3.0.0"
  dependencies:
    "camelize" "^1.0.0"
    "css-color-keywords" "^1.0.0"
    "postcss-value-parser" "^4.0.2"

"csstype@^3.0.2":
  "integrity" "sha512-DJR/VvkAvSZW9bTouZue2sSxDwdTN92uHjqeKVm+0dAqdfNykRzQ95tay8aXMBAAPpUiq4Qcug2L7neoRh2Egw=="
  "resolved" "https://registry.npmjs.org/csstype/-/csstype-3.1.1.tgz"
  "version" "3.1.1"

"emoji-regex@^10.2.1":
  "integrity" "sha512-97g6QgOk8zlDRdgq1WxwgTMgEWGVAQvB5Fdpgc1MkNy56la5SKP9GsMXKDOdqwn90/41a8yPwIGk1Y6WVbeMQA=="
  "resolved" "https://registry.npmjs.org/emoji-regex/-/emoji-regex-10.2.1.tgz"
  "version" "10.2.1"

"fflate@^0.7.3":
  "integrity" "sha512-5u2V/CDW15QM1XbbgS+0DfPxVB+jUKhWEKuuFuHncbk3tEEqzmoXL+2KyOFuKGqOnmdIy0/davWF1CkuwtibCw=="
  "resolved" "https://registry.npmjs.org/fflate/-/fflate-0.7.4.tgz"
  "version" "0.7.4"

"js-tokens@^3.0.0 || ^4.0.0":
  "integrity" "sha512-RdJUflcE3cUzKiMqQgsCu06FPu9UdIJO0beYbPhHN4k6apgJtifcoCtT9bcxOpYBtpD2kCM6Sbzg4CausW/PKQ=="
  "resolved" "https://registry.npmjs.org/js-tokens/-/js-tokens-4.0.0.tgz"
  "version" "4.0.0"

"loose-envify@^1.1.0":
  "integrity" "sha512-lyuxPGr/Wfhrlem2CL/UcnUc1zcqKAImBDzukY7Y5F/yQiNdko6+fRLevlw1HgMySw7f611UIY408EtxRSoK3Q=="
  "resolved" "https://registry.npmjs.org/loose-envify/-/loose-envify-1.4.0.tgz"
  "version" "1.4.0"
  dependencies:
    "js-tokens" "^3.0.0 || ^4.0.0"

"nanoid@^3.3.4":
  "integrity" "sha512-MqBkQh/OHTS2egovRtLk45wEyNXwF+cokD+1YPf9u5VfJiRdAiRwB2froX5Co9Rh20xs4siNPm8naNotSD6RBw=="
  "resolved" "https://registry.npmjs.org/nanoid/-/nanoid-3.3.4.tgz"
  "version" "3.3.4"

"next@^13.0.6":
  "integrity" "sha512-COvigvms2LRt1rrzfBQcMQ2GZd86Mvk1z+LOLY5pniFtL4VrTmhZ9salrbKfSiXbhsD01TrDdD68ec3ABDyscA=="
  "resolved" "https://registry.npmjs.org/next/-/next-13.0.6.tgz"
  "version" "13.0.6"
  dependencies:
    "@next/env" "13.0.6"
    "@swc/helpers" "0.4.14"
    "caniuse-lite" "^1.0.30001406"
    "postcss" "8.4.14"
    "styled-jsx" "5.1.0"
  optionalDependencies:
    "@next/swc-android-arm-eabi" "13.0.6"
    "@next/swc-android-arm64" "13.0.6"
    "@next/swc-darwin-arm64" "13.0.6"
    "@next/swc-darwin-x64" "13.0.6"
    "@next/swc-freebsd-x64" "13.0.6"
    "@next/swc-linux-arm-gnueabihf" "13.0.6"
    "@next/swc-linux-arm64-gnu" "13.0.6"
    "@next/swc-linux-arm64-musl" "13.0.6"
    "@next/swc-linux-x64-gnu" "13.0.6"
    "@next/swc-linux-x64-musl" "13.0.6"
    "@next/swc-win32-arm64-msvc" "13.0.6"
    "@next/swc-win32-ia32-msvc" "13.0.6"
    "@next/swc-win32-x64-msvc" "13.0.6"

"picocolors@^1.0.0":
  "integrity" "sha512-1fygroTLlHu66zi26VoTDv8yRgm0Fccecssto+MhsZ0D/DGW2sm8E8AjW7NU5VVTRt5GxbeZ5qBuJr+HyLYkjQ=="
  "resolved" "https://registry.npmjs.org/picocolors/-/picocolors-1.0.0.tgz"
  "version" "1.0.0"

"postcss-value-parser@^4.0.2", "postcss-value-parser@^4.2.0":
  "integrity" "sha512-1NNCs6uurfkVbeXG4S8JFT9t19m45ICnif8zWLd5oPSZ50QnwMfK+H3jv408d4jw/7Bttv5axS5IiHoLaVNHeQ=="
  "resolved" "https://registry.npmjs.org/postcss-value-parser/-/postcss-value-parser-4.2.0.tgz"
  "version" "4.2.0"

"postcss@8.4.14":
  "integrity" "sha512-E398TUmfAYFPBSdzgeieK2Y1+1cpdxJx8yXbK/m57nRhKSmk1GB2tO4lbLBtlkfPQTDKfe4Xqv1ASWPpayPEig=="
  "resolved" "https://registry.npmjs.org/postcss/-/postcss-8.4.14.tgz"
  "version" "8.4.14"
  dependencies:
    "nanoid" "^3.3.4"
    "picocolors" "^1.0.0"
    "source-map-js" "^1.0.2"

"react-dom@^18.2.0":
  "integrity" "sha512-6IMTriUmvsjHUjNtEDudZfuDQUoWXVxKHhlEGSk81n4YFS+r/Kl99wXiwlVXtPBtJenozv2P+hxDsw9eA7Xo6g=="
  "resolved" "https://registry.npmjs.org/react-dom/-/react-dom-18.2.0.tgz"
  "version" "18.2.0"
  dependencies:
    "loose-envify" "^1.1.0"
    "scheduler" "^0.23.0"

"react-hook-form@^7.40.0":
  "integrity" "sha512-0rokdxMPJs0k9bvFtY6dbcSydyNhnZNXCR49jgDr/aR03FDHFOK6gfh8ccqB3fl696Mk7lqh04xdm+agqWXKSw=="
  "resolved" "https://registry.npmjs.org/react-hook-form/-/react-hook-form-7.40.0.tgz"
  "version" "7.40.0"

"react@^16.8.0 || ^17 || ^18", "react@^18.2.0", "react@>= 16.8.0 || 17.x.x || ^18.0.0-0":
  "integrity" "sha512-/3IjMdb2L9QbBdWiW5e3P2/npwMBaU9mHCSCUzNln0ZCYbcfTsGbTJrU/kGemdH2IWmB2ioZ+zkxtmq6g09fGQ=="
  "resolved" "https://registry.npmjs.org/react/-/react-18.2.0.tgz"
  "version" "18.2.0"
  dependencies:
    "loose-envify" "^1.1.0"

"satori@0.0.44":
  "integrity" "sha512-WKUxXC2qeyno6J3ucwwLozPL6j1HXOZiN5wIUf7iqAhlx1RUC/6ePIKHi7iPc3Cy6DYuZcJriZXxXkSdo2FQHg=="
  "resolved" "https://registry.npmjs.org/satori/-/satori-0.0.44.tgz"
  "version" "0.0.44"
  dependencies:
    "@shuding/opentype.js" "1.4.0-beta.0"
    "css-background-parser" "^0.1.0"
    "css-box-shadow" "1.0.0-3"
    "css-to-react-native" "^3.0.0"
    "emoji-regex" "^10.2.1"
    "postcss-value-parser" "^4.2.0"
    "yoga-layout-prebuilt" "^1.10.0"

"scheduler@^0.23.0":
  "integrity" "sha512-CtuThmgHNg7zIZWAXi3AsyIzA3n4xx7aNyjwC2VJldO2LMVDhFK+63xGqq6CsJH4rTAt6/M+N4GhZiDYPx9eUw=="
  "resolved" "https://registry.npmjs.org/scheduler/-/scheduler-0.23.0.tgz"
  "version" "0.23.0"
  dependencies:
    "loose-envify" "^1.1.0"

"source-map-js@^1.0.2":
  "integrity" "sha512-R0XvVJ9WusLiqTCEiGCmICCMplcCkIwwR11mOSD9CR5u+IXYdiseeEuXCVAjS54zqwkLcPNnmU4OeJ6tUrWhDw=="
  "resolved" "https://registry.npmjs.org/source-map-js/-/source-map-js-1.0.2.tgz"
  "version" "1.0.2"

"string.prototype.codepointat@^0.2.1":
  "integrity" "sha512-2cBVCj6I4IOvEnjgO/hWqXjqBGsY+zwPmHl12Srk9IXSZ56Jwwmy+66XO5Iut/oQVR7t5ihYdLB0GMa4alEUcg=="
  "resolved" "https://registry.npmjs.org/string.prototype.codepointat/-/string.prototype.codepointat-0.2.1.tgz"
  "version" "0.2.1"

"styled-jsx@5.1.0":
  "integrity" "sha512-/iHaRJt9U7T+5tp6TRelLnqBqiaIT0HsO0+vgyj8hK2KUk7aejFqRrumqPUlAqDwAj8IbS/1hk3IhBAAK/FCUQ=="
  "resolved" "https://registry.npmjs.org/styled-jsx/-/styled-jsx-5.1.0.tgz"
  "version" "5.1.0"
  dependencies:
    "client-only" "0.0.1"

"tslib@^2.4.0":
  "integrity" "sha512-tGyy4dAjRIEwI7BzsB0lynWgOpfqjUdq91XXAlIWD2OwKBH7oCl/GZG/HT4BOHrTlPMOASlMQ7veyTqpmRcrNA=="
  "resolved" "https://registry.npmjs.org/tslib/-/tslib-2.4.1.tgz"
  "version" "2.4.1"

"typescript@4.9.3":
  "integrity" "sha512-CIfGzTelbKNEnLpLdGFgdyKhG23CKdKgQPOBc+OUNrkJ2vr+KSzsSV5kq5iWhEQbok+quxgGzrAtGWCyU7tHnA=="
  "resolved" "https://registry.npmjs.org/typescript/-/typescript-4.9.3.tgz"
  "version" "4.9.3"

"yoga-layout-prebuilt@^1.10.0":
  "integrity" "sha512-YnOmtSbv4MTf7RGJMK0FvZ+KD8OEe/J5BNnR0GHhD8J/XcG/Qvxgszm0Un6FTHWW4uHlTgP0IztiXQnGyIR45g=="
  "resolved" "https://registry.npmjs.org/yoga-layout-prebuilt/-/yoga-layout-prebuilt-1.10.0.tgz"
  "version" "1.10.0"
  dependencies:
    "@types/yoga-layout" "1.9.2"

"yoga-wasm-web@0.1.2":
  "integrity" "sha512-8SkgawHcA0RUbMrnhxbaQkZDBi8rMed8pQHixkFF9w32zGhAwZ9/cOHWlpYfr6RCx42Yp3siV45/jPEkJxsk6w=="
  "resolved" "https://registry.npmjs.org/yoga-wasm-web/-/yoga-wasm-web-0.1.2.tgz"
  "version" "0.1.2"
