# THIS IS AN AUTOGENERATED FILE. DO NOT EDIT THIS FILE DIRECTLY.
# yarn lockfile v1


"@babel/runtime@^7.6.2":
  "integrity" "sha512-Q+8MqP7TiHMWzSfwiJwXCjyf4GYA4Dgw3emg/7xmwsdLJOZUp+nMqcOwOzzYheuM1rhDu8FSj2l0aoMygEuXuA=="
  "resolved" "https://registry.npmjs.org/@babel/runtime/-/runtime-7.20.6.tgz"
  "version" "7.20.6"
  dependencies:
    "regenerator-runtime" "^0.13.11"

"@formatjs/ecma402-abstract@1.14.3":
  "integrity" "sha512-SlsbRC/RX+/zg4AApWIFNDdkLtFbkq3LNoZWXZCE/nHVKqoIJyaoQyge/I0Y38vLxowUn9KTtXgusLD91+orbg=="
  "resolved" "https://registry.npmjs.org/@formatjs/ecma402-abstract/-/ecma402-abstract-1.14.3.tgz"
  "version" "1.14.3"
  dependencies:
    "@formatjs/intl-localematcher" "0.2.32"
    "tslib" "^2.4.0"

"@formatjs/fast-memoize@1.2.7":
  "integrity" "sha512-hPeM5LXUUjtCKPybWOUAWpv8lpja8Xz+uKprFPJcg5F2Rd+/bf1E0UUsLRpaAgOReAf5HMRtoIgv/UcyPICrTQ=="
  "resolved" "https://registry.npmjs.org/@formatjs/fast-memoize/-/fast-memoize-1.2.7.tgz"
  "version" "1.2.7"
  dependencies:
    "tslib" "^2.4.0"

"@formatjs/icu-messageformat-parser@2.1.14":
  "integrity" "sha512-0KqeVOb72losEhUW+59vhZGGd14s1f35uThfEMVKZHKLEObvJdFTiI3ZQwvTMUCzLEMxnS6mtnYPmG4mTvwd3Q=="
  "resolved" "https://registry.npmjs.org/@formatjs/icu-messageformat-parser/-/icu-messageformat-parser-2.1.14.tgz"
  "version" "2.1.14"
  dependencies:
    "@formatjs/ecma402-abstract" "1.14.3"
    "@formatjs/icu-skeleton-parser" "1.3.18"
    "tslib" "^2.4.0"

"@formatjs/icu-skeleton-parser@1.3.18":
  "integrity" "sha512-ND1ZkZfmLPcHjAH1sVpkpQxA+QYfOX3py3SjKWMUVGDow18gZ0WPqz3F+pJLYQMpS2LnnQ5zYR2jPVYTbRwMpg=="
  "resolved" "https://registry.npmjs.org/@formatjs/icu-skeleton-parser/-/icu-skeleton-parser-1.3.18.tgz"
  "version" "1.3.18"
  dependencies:
    "@formatjs/ecma402-abstract" "1.14.3"
    "tslib" "^2.4.0"

"@formatjs/intl-localematcher@0.2.32":
  "integrity" "sha512-k/MEBstff4sttohyEpXxCmC3MqbUn9VvHGlZ8fauLzkbwXmVrEeyzS+4uhrvAk9DWU9/7otYWxyDox4nT/KVLQ=="
  "resolved" "https://registry.npmjs.org/@formatjs/intl-localematcher/-/intl-localematcher-0.2.32.tgz"
  "version" "0.2.32"
  dependencies:
    "tslib" "^2.4.0"

"@internationalized/date@^3.0.1":
  "integrity" "sha512-E/3lASs4mAeJ2Z2ye6ab7eUD0bPUfTeNVTAv6IS+ne9UtMu9Uepb9A1U2Ae0hDr6WAlBuvUtrakaxEdYB9TV6Q=="
  "resolved" "https://registry.npmjs.org/@internationalized/date/-/date-3.0.1.tgz"
  "version" "3.0.1"
  dependencies:
    "@babel/runtime" "^7.6.2"

"@internationalized/message@^3.0.9":
  "integrity" "sha512-yHQggKWUuSvj1GznVtie4tcYq+xMrkd/lTKCFHp6gG18KbIliDw+UI7sL9+yJPGuWiR083xuLyyhzqiPbNOEww=="
  "resolved" "https://registry.npmjs.org/@internationalized/message/-/message-3.0.9.tgz"
  "version" "3.0.9"
  dependencies:
    "@babel/runtime" "^7.6.2"
    "intl-messageformat" "^10.1.0"

"@internationalized/number@^3.1.1":
  "integrity" "sha512-dBxCQKIxvsZvW2IBt3KsqrCfaw2nV6o6a8xsloJn/hjW0ayeyhKuiiMtTwW3/WGNPP7ZRyDbtuiUEjMwif1ENQ=="
  "resolved" "https://registry.npmjs.org/@internationalized/number/-/number-3.1.1.tgz"
  "version" "3.1.1"
  dependencies:
    "@babel/runtime" "^7.6.2"

"@internationalized/string@^3.0.0":
  "integrity" "sha512-NUSr4u+mNu5BysXFeVWZW4kvjXylPkU/YYqaWzdNuz1eABfehFiZTEYhWAAMzI3U8DTxfqF9PM3zyhk5gcfz6w=="
  "resolved" "https://registry.npmjs.org/@internationalized/string/-/string-3.0.0.tgz"
  "version" "3.0.0"
  dependencies:
    "@babel/runtime" "^7.6.2"

"@next/env@13.0.6":
  "integrity" "sha512-yceT6DCHKqPRS1cAm8DHvDvK74DLIkDQdm5iV+GnIts8h0QbdHvkUIkdOvQoOODgpr6018skbmSQp12z5OWIQQ=="
  "resolved" "https://registry.npmjs.org/@next/env/-/env-13.0.6.tgz"
  "version" "13.0.6"

"@next/swc-darwin-arm64@13.0.6":
  "integrity" "sha512-AUVEpVTxbP/fxdFsjVI9d5a0CFn6NVV7A/RXOb0Y+pXKIIZ1V5rFjPwpYfIfyOo2lrqgehMNQcyMRoTrhq04xg=="
  "resolved" "https://registry.npmjs.org/@next/swc-darwin-arm64/-/swc-darwin-arm64-13.0.6.tgz"
  "version" "13.0.6"

"@nextui-org/react@^1.0.0-beta.10":
  "integrity" "sha512-cxqsp4QXmKJoiDeoeEmayn3LUgRrHvOhmvfv8fm65CdWZI5Ro18DwBQrD+mdttlZ/OEaiYQXDPSP36p2DALdag=="
  "resolved" "https://registry.npmjs.org/@nextui-org/react/-/react-1.0.0-beta.10.tgz"
  "version" "1.0.0-beta.10"
  dependencies:
    "@babel/runtime" "^7.6.2"
    "@react-aria/button" "3.6.0"
    "@react-aria/checkbox" "3.5.0"
    "@react-aria/dialog" "3.3.0"
    "@react-aria/focus" "3.7.0"
    "@react-aria/i18n" "3.5.1"
    "@react-aria/interactions" "3.10.0"
    "@react-aria/label" "3.4.0"
    "@react-aria/link" "3.3.1"
    "@react-aria/menu" "3.6.0"
    "@react-aria/overlays" "3.10.0"
    "@react-aria/radio" "3.3.0"
    "@react-aria/ssr" "3.3.0"
    "@react-aria/table" "3.4.0"
    "@react-aria/utils" "3.13.2"
    "@react-aria/visually-hidden" "3.4.0"
    "@react-stately/checkbox" "3.2.0"
    "@react-stately/data" "3.6.0"
    "@react-stately/overlays" "3.4.0"
    "@react-stately/radio" "3.5.0"
    "@react-stately/table" "3.3.0"
    "@react-stately/toggle" "3.4.0"
    "@react-stately/tree" "3.3.2"
    "@react-types/button" "^3.6.0"
    "@react-types/checkbox" "3.3.2"
    "@react-types/grid" "3.1.2"
    "@react-types/menu" "3.7.0"
    "@react-types/overlays" "3.6.2"
    "@react-types/shared" "3.14.0"
    "@stitches/react" "1.2.8"

"@react-aria/button@3.6.0":
  "integrity" "sha512-+I+raFN5Kw85WzgmiIEQG0JhJ+WSCWJRSCgA0Nc4Wvjkm7gQSRvhSzSZiI7HQxz43h0MgFbuX/ruRn1WKPLsLg=="
  "resolved" "https://registry.npmjs.org/@react-aria/button/-/button-3.6.0.tgz"
  "version" "3.6.0"
  dependencies:
    "@babel/runtime" "^7.6.2"
    "@react-aria/focus" "^3.7.0"
    "@react-aria/interactions" "^3.10.0"
    "@react-aria/utils" "^3.13.2"
    "@react-stately/toggle" "^3.4.0"
    "@react-types/button" "^3.6.0"
    "@react-types/shared" "^3.14.0"

"@react-aria/checkbox@3.5.0":
  "integrity" "sha512-U3SXfiVus/aF3S3v9aTPILRZBnUzHs5JJhile9CXIe1YoPam8u12s4G+aS55rrwoa3XLcnvZbPbwlShcc8bjaA=="
  "resolved" "https://registry.npmjs.org/@react-aria/checkbox/-/checkbox-3.5.0.tgz"
  "version" "3.5.0"
  dependencies:
    "@babel/runtime" "^7.6.2"
    "@react-aria/label" "^3.4.0"
    "@react-aria/toggle" "^3.3.2"
    "@react-aria/utils" "^3.13.2"
    "@react-stately/checkbox" "^3.2.0"
    "@react-stately/toggle" "^3.4.0"
    "@react-types/checkbox" "^3.3.2"
    "@react-types/shared" "^3.14.0"

"@react-aria/dialog@3.3.0":
  "integrity" "sha512-kzJLjIYIRpK+ASOpOSY56sE6l+rpmk4QvIqTjrqlynXdneGVgNVu3OxX37U73Zn53is7ivbT+TugCzHTgle0qg=="
  "resolved" "https://registry.npmjs.org/@react-aria/dialog/-/dialog-3.3.0.tgz"
  "version" "3.3.0"
  dependencies:
    "@babel/runtime" "^7.6.2"
    "@react-aria/focus" "^3.7.0"
    "@react-aria/utils" "^3.13.2"
    "@react-stately/overlays" "^3.4.0"
    "@react-types/dialog" "^3.4.2"
    "@react-types/shared" "^3.14.0"

"@react-aria/focus@^3.10.0":
  "integrity" "sha512-idI7Etgh6y2BYi3X4d+EuUpzR7gPZ94Lf/0UNnVyMkDM9fzcdz/8DCBt0qKOff24HlaLE1rmREt0+iTR/qRgbA=="
  "resolved" "https://registry.npmjs.org/@react-aria/focus/-/focus-3.10.0.tgz"
  "version" "3.10.0"
  dependencies:
    "@babel/runtime" "^7.6.2"
    "@react-aria/interactions" "^3.13.0"
    "@react-aria/utils" "^3.14.1"
    "@react-types/shared" "^3.16.0"
    "clsx" "^1.1.1"

"@react-aria/focus@^3.6.1", "@react-aria/focus@^3.7.0", "@react-aria/focus@3.7.0":
  "integrity" "sha512-LydZSLBLEUklakM0Ogdk17F3f/Uwaj5Nl1mfcK8HhrroGT8A8XH0KjA9D6gM6JGHgxZemx0ufOgxhQZeBGQMQw=="
  "resolved" "https://registry.npmjs.org/@react-aria/focus/-/focus-3.7.0.tgz"
  "version" "3.7.0"
  dependencies:
    "@babel/runtime" "^7.6.2"
    "@react-aria/interactions" "^3.10.0"
    "@react-aria/utils" "^3.13.2"
    "@react-types/shared" "^3.14.0"
    "clsx" "^1.1.1"

"@react-aria/grid@^3.4.0":
  "integrity" "sha512-eWwhG9wHb6l6poZSvnhoSSCpNy1kG3HxIpcbMaR2/qllbUYgZ4PASyx4N2TT/VqBUsxCSwC/WqcDka11U9d94w=="
  "resolved" "https://registry.npmjs.org/@react-aria/grid/-/grid-3.5.1.tgz"
  "version" "3.5.1"
  dependencies:
    "@babel/runtime" "^7.6.2"
    "@react-aria/focus" "^3.10.0"
    "@react-aria/i18n" "^3.6.2"
    "@react-aria/interactions" "^3.13.0"
    "@react-aria/live-announcer" "^3.1.1"
    "@react-aria/selection" "^3.12.0"
    "@react-aria/utils" "^3.14.1"
    "@react-stately/grid" "^3.4.1"
    "@react-stately/selection" "^3.11.1"
    "@react-stately/virtualizer" "^3.4.0"
    "@react-types/checkbox" "^3.4.1"
    "@react-types/grid" "^3.1.5"
    "@react-types/shared" "^3.16.0"

"@react-aria/i18n@^3.5.0", "@react-aria/i18n@3.5.1":
  "integrity" "sha512-PtlQ/W1PXVKzCGK86MuGuCzYBwENDBjrQ2a4ux+BBQ2Dk8ZXEARSp9JaMFuOdiloXc/p4FoxCVoB+lhu4RCScg=="
  "resolved" "https://registry.npmjs.org/@react-aria/i18n/-/i18n-3.5.1.tgz"
  "version" "3.5.1"
  dependencies:
    "@babel/runtime" "^7.6.2"
    "@internationalized/date" "^3.0.1"
    "@internationalized/message" "^3.0.9"
    "@internationalized/number" "^3.1.1"
    "@internationalized/string" "^3.0.0"
    "@react-aria/ssr" "^3.3.0"
    "@react-aria/utils" "^3.13.2"
    "@react-types/shared" "^3.14.0"

"@react-aria/i18n@^3.6.2":
  "integrity" "sha512-/G22mZQcISX6DcKLBn4j/X53y2SOnFfiD4wOEuY7sIZZDryktd+3I/QHukCnNlf0tKK3PdixQLvWa9Q1RqTSaw=="
  "resolved" "https://registry.npmjs.org/@react-aria/i18n/-/i18n-3.6.2.tgz"
  "version" "3.6.2"
  dependencies:
    "@babel/runtime" "^7.6.2"
    "@internationalized/date" "^3.0.1"
    "@internationalized/message" "^3.0.9"
    "@internationalized/number" "^3.1.1"
    "@internationalized/string" "^3.0.0"
    "@react-aria/ssr" "^3.4.0"
    "@react-aria/utils" "^3.14.1"
    "@react-types/shared" "^3.16.0"

"@react-aria/interactions@^3.10.0", "@react-aria/interactions@^3.9.1", "@react-aria/interactions@3.10.0":
  "integrity" "sha512-Lp74VfF+EskT3IqK2MBMdJpJU48p60+YkMbgtoDF6LudNO8jw0nxcsvnimPriTSkZWINRpajG/9sIa0EIDcQKw=="
  "resolved" "https://registry.npmjs.org/@react-aria/interactions/-/interactions-3.10.0.tgz"
  "version" "3.10.0"
  dependencies:
    "@babel/runtime" "^7.6.2"
    "@react-aria/utils" "^3.13.2"
    "@react-types/shared" "^3.14.0"

"@react-aria/interactions@^3.13.0":
  "integrity" "sha512-gbZL+qs+6FPitR/abAramth4lqz/drEzXwzIDF6p6WyajF805mjyAgZin1/3mQygSE5BwJNDU7jMUSGRvgFyTw=="
  "resolved" "https://registry.npmjs.org/@react-aria/interactions/-/interactions-3.13.0.tgz"
  "version" "3.13.0"
  dependencies:
    "@babel/runtime" "^7.6.2"
    "@react-aria/utils" "^3.14.1"
    "@react-types/shared" "^3.16.0"

"@react-aria/label@^3.4.0", "@react-aria/label@3.4.0":
  "integrity" "sha512-QqyZMuSdnH+7mkAbZbGtLU3NhSz2luNCeM+ZJPQ3ANegrdXsKwERSwD2/ERHAC5FGLqwlzXnPhRcYdvjafg/Ug=="
  "resolved" "https://registry.npmjs.org/@react-aria/label/-/label-3.4.0.tgz"
  "version" "3.4.0"
  dependencies:
    "@babel/runtime" "^7.6.2"
    "@react-aria/utils" "^3.13.2"
    "@react-types/label" "^3.6.2"
    "@react-types/shared" "^3.14.0"

"@react-aria/link@3.3.1":
  "integrity" "sha512-so77s4IjZo8VGi85v6oDUzsQRoAwQH4LUUUpDLbKxEb5YaiN4/3yCVibeZrWzIzOTCOyLMXPbGwxHOUsl8EhVg=="
  "resolved" "https://registry.npmjs.org/@react-aria/link/-/link-3.3.1.tgz"
  "version" "3.3.1"
  dependencies:
    "@babel/runtime" "^7.6.2"
    "@react-aria/focus" "^3.6.1"
    "@react-aria/interactions" "^3.9.1"
    "@react-aria/utils" "^3.13.1"
    "@react-types/link" "^3.3.1"
    "@react-types/shared" "^3.13.1"

"@react-aria/live-announcer@^3.1.1":
  "integrity" "sha512-e7b+dRh1SUTla42vzjdbhGYkeLD7E6wIYjYaHW9zZ37rBkSqLHUhTigh3eT3k5NxFlDD/uRxTYuwaFnWQgR+4g=="
  "resolved" "https://registry.npmjs.org/@react-aria/live-announcer/-/live-announcer-3.1.1.tgz"
  "version" "3.1.1"
  dependencies:
    "@babel/runtime" "^7.6.2"

"@react-aria/menu@3.6.0":
  "integrity" "sha512-s083I10XG/K06V7wOF+VYGgUwg6ZwlmsmLlrXyFRzCVK6LXimNNC/mOeSZet6m4R4H1svtH+US/v+/eD6pkdUQ=="
  "resolved" "https://registry.npmjs.org/@react-aria/menu/-/menu-3.6.0.tgz"
  "version" "3.6.0"
  dependencies:
    "@babel/runtime" "^7.6.2"
    "@react-aria/i18n" "^3.5.0"
    "@react-aria/interactions" "^3.10.0"
    "@react-aria/overlays" "^3.10.0"
    "@react-aria/selection" "^3.10.0"
    "@react-aria/utils" "^3.13.2"
    "@react-stately/collections" "^3.4.2"
    "@react-stately/menu" "^3.4.0"
    "@react-stately/tree" "^3.3.2"
    "@react-types/button" "^3.6.0"
    "@react-types/menu" "^3.7.0"
    "@react-types/shared" "^3.14.0"

"@react-aria/overlays@^3.10.0", "@react-aria/overlays@3.10.0":
  "integrity" "sha512-A7aI59/o4tUAISjyyRfJz3833SLe4ZKPNoxOVUzgjfkfnCKq7YDSSEC5poxDqYD9bq/NBXK6stdgaGLXQSirNw=="
  "resolved" "https://registry.npmjs.org/@react-aria/overlays/-/overlays-3.10.0.tgz"
  "version" "3.10.0"
  dependencies:
    "@babel/runtime" "^7.6.2"
    "@react-aria/i18n" "^3.5.0"
    "@react-aria/interactions" "^3.10.0"
    "@react-aria/ssr" "^3.3.0"
    "@react-aria/utils" "^3.13.2"
    "@react-aria/visually-hidden" "^3.4.0"
    "@react-stately/overlays" "^3.4.0"
    "@react-types/button" "^3.6.0"
    "@react-types/overlays" "^3.6.2"
    "@react-types/shared" "^3.14.0"

"@react-aria/radio@3.3.0":
  "integrity" "sha512-UhPxFVYKaPI8a9bF6XOl5Q7lbgW7YlrLTHnjOhxiUWvyyOsOnseiSgF9TqSfhhsF7HNYdOt1u3Xwx3vrHniCBg=="
  "resolved" "https://registry.npmjs.org/@react-aria/radio/-/radio-3.3.0.tgz"
  "version" "3.3.0"
  dependencies:
    "@babel/runtime" "^7.6.2"
    "@react-aria/focus" "^3.7.0"
    "@react-aria/i18n" "^3.5.0"
    "@react-aria/interactions" "^3.10.0"
    "@react-aria/label" "^3.4.0"
    "@react-aria/utils" "^3.13.2"
    "@react-stately/radio" "^3.5.0"
    "@react-types/radio" "^3.2.2"
    "@react-types/shared" "^3.14.0"

"@react-aria/selection@^3.10.0", "@react-aria/selection@^3.12.0":
  "integrity" "sha512-Akzx5Faxw+sOZFXLCOw6OddDNFbP5Kho3EP6bYJfd2pzMkBc8/JemC/YDrtIuy8e9x6Je9HHSZqtKjwiEaXWog=="
  "resolved" "https://registry.npmjs.org/@react-aria/selection/-/selection-3.12.0.tgz"
  "version" "3.12.0"
  dependencies:
    "@babel/runtime" "^7.6.2"
    "@react-aria/focus" "^3.10.0"
    "@react-aria/i18n" "^3.6.2"
    "@react-aria/interactions" "^3.13.0"
    "@react-aria/utils" "^3.14.1"
    "@react-stately/collections" "^3.5.0"
    "@react-stately/selection" "^3.11.1"
    "@react-types/shared" "^3.16.0"

"@react-aria/ssr@^3.3.0", "@react-aria/ssr@3.3.0":
  "integrity" "sha512-yNqUDuOVZIUGP81R87BJVi/ZUZp/nYOBXbPsRe7oltJOfErQZD+UezMpw4vM2KRz18cURffvmC8tJ6JTeyDtaQ=="
  "resolved" "https://registry.npmjs.org/@react-aria/ssr/-/ssr-3.3.0.tgz"
  "version" "3.3.0"
  dependencies:
    "@babel/runtime" "^7.6.2"

"@react-aria/ssr@^3.4.0":
  "integrity" "sha512-qzuGk14/fUyUAoW/EBwgFcuMkVNXJVGlezTgZ1HovpCZ+p9844E7MUFHE7CuzFzPEIkVeqhBNIoIu+VJJ8YCOA=="
  "resolved" "https://registry.npmjs.org/@react-aria/ssr/-/ssr-3.4.0.tgz"
  "version" "3.4.0"
  dependencies:
    "@babel/runtime" "^7.6.2"

"@react-aria/table@3.4.0":
  "integrity" "sha512-a3yYKRtadGzMrOJlGy2AGf2w2baESYgM2hZnB4YupBrcKJ/91BMpAbpAMolCI02av+Tz0BtAKh0kSs7nEsiiuA=="
  "resolved" "https://registry.npmjs.org/@react-aria/table/-/table-3.4.0.tgz"
  "version" "3.4.0"
  dependencies:
    "@babel/runtime" "^7.6.2"
    "@react-aria/focus" "^3.7.0"
    "@react-aria/grid" "^3.4.0"
    "@react-aria/i18n" "^3.5.0"
    "@react-aria/interactions" "^3.10.0"
    "@react-aria/live-announcer" "^3.1.1"
    "@react-aria/selection" "^3.10.0"
    "@react-aria/utils" "^3.13.2"
    "@react-stately/table" "^3.3.0"
    "@react-stately/virtualizer" "^3.2.2"
    "@react-types/checkbox" "^3.3.2"
    "@react-types/grid" "^3.1.2"
    "@react-types/shared" "^3.14.0"
    "@react-types/table" "^3.3.0"

"@react-aria/toggle@^3.3.2":
  "integrity" "sha512-oVcjqsqvvEXW25vm3F2gxF5Csz8vRNKeF7Kc5pxqLrBohqMausChul+/Zisx5qVB4TL0yO3ygjTGbEvfEYQ1qg=="
  "resolved" "https://registry.npmjs.org/@react-aria/toggle/-/toggle-3.4.1.tgz"
  "version" "3.4.1"
  dependencies:
    "@babel/runtime" "^7.6.2"
    "@react-aria/focus" "^3.10.0"
    "@react-aria/interactions" "^3.13.0"
    "@react-aria/utils" "^3.14.1"
    "@react-stately/toggle" "^3.4.3"
    "@react-types/checkbox" "^3.4.1"
    "@react-types/shared" "^3.16.0"
    "@react-types/switch" "^3.2.5"

"@react-aria/utils@^3.13.1", "@react-aria/utils@^3.13.2", "@react-aria/utils@3.13.2":
  "integrity" "sha512-VTI8tv9m/BxE/lPTNCZN1fcHuY540xm+HT1vg2ZQCryudUWvzQkHi+h0z32DhiGHhvRFIGdH/enf3psip7ZLTQ=="
  "resolved" "https://registry.npmjs.org/@react-aria/utils/-/utils-3.13.2.tgz"
  "version" "3.13.2"
  dependencies:
    "@babel/runtime" "^7.6.2"
    "@react-aria/ssr" "^3.3.0"
    "@react-stately/utils" "^3.5.1"
    "@react-types/shared" "^3.14.0"
    "clsx" "^1.1.1"

"@react-aria/utils@^3.14.1":
  "integrity" "sha512-+ynP0YlxN02MHVEBaeuTrIhBsfBYpfJn36pZm2t7ZEFbafH8DPaMGZ70ffYZXAESkWzRULXL3e79DheWOFI1qA=="
  "resolved" "https://registry.npmjs.org/@react-aria/utils/-/utils-3.14.1.tgz"
  "version" "3.14.1"
  dependencies:
    "@babel/runtime" "^7.6.2"
    "@react-aria/ssr" "^3.4.0"
    "@react-stately/utils" "^3.5.1"
    "@react-types/shared" "^3.16.0"
    "clsx" "^1.1.1"

"@react-aria/visually-hidden@^3.4.0", "@react-aria/visually-hidden@3.4.0":
  "integrity" "sha512-mRl4Vfg7F0ohf7N3RWdOQLUnXC4ApM3hsfBegsRQHDkbbrcq7MGPyCa154kIZg8Ff2cOtbgvrAlymzWmkOVZEQ=="
  "resolved" "https://registry.npmjs.org/@react-aria/visually-hidden/-/visually-hidden-3.4.0.tgz"
  "version" "3.4.0"
  dependencies:
    "@babel/runtime" "^7.6.2"
    "@react-aria/interactions" "^3.10.0"
    "@react-aria/utils" "^3.13.2"
    "@react-types/shared" "^3.14.0"
    "clsx" "^1.1.1"

"@react-stately/checkbox@^3.2.0", "@react-stately/checkbox@3.2.0":
  "integrity" "sha512-nVO/asz7MTF5nLJcMMq5KgNlk4npckq+7nQvEVW6pyob5r2m7Lvd+Zhl4oKT0WtTIzg31VB6yRew1czKx/SUpA=="
  "resolved" "https://registry.npmjs.org/@react-stately/checkbox/-/checkbox-3.2.0.tgz"
  "version" "3.2.0"
  dependencies:
    "@babel/runtime" "^7.6.2"
    "@react-stately/toggle" "^3.4.0"
    "@react-stately/utils" "^3.5.1"
    "@react-types/checkbox" "^3.3.2"

"@react-stately/collections@^3.4.2", "@react-stately/collections@^3.5.0":
  "integrity" "sha512-3BAMRjJqrka0IGvyK4m3WslqCeiEfQGx7YsXEIgIgMJoLpk6Fi1Eh4CI8coBnl/wcVLiIRMCIvxubwFRWTgzdg=="
  "resolved" "https://registry.npmjs.org/@react-stately/collections/-/collections-3.5.0.tgz"
  "version" "3.5.0"
  dependencies:
    "@babel/runtime" "^7.6.2"
    "@react-types/shared" "^3.16.0"

"@react-stately/data@3.6.0":
  "integrity" "sha512-psuc5nziuPWYdxIFhXEt9DBT+cuhOCyGPz8cOP5RuWFfSM4r583M0SYrsi5YXCvUwhZEFFQNbapxJFfMpAHPtw=="
  "resolved" "https://registry.npmjs.org/@react-stately/data/-/data-3.6.0.tgz"
  "version" "3.6.0"
  dependencies:
    "@babel/runtime" "^7.6.2"
    "@react-types/shared" "^3.14.0"

"@react-stately/grid@^3.3.0", "@react-stately/grid@^3.4.1":
  "integrity" "sha512-IRaqXUQGji87Q+pYYQKJYTuUtgAjoDQaMOlvpvB9HlyK5faXq0H1tJsYAeVYpH0synfzCnr7CN0J6kSTbeL1jA=="
  "resolved" "https://registry.npmjs.org/@react-stately/grid/-/grid-3.4.1.tgz"
  "version" "3.4.1"
  dependencies:
    "@babel/runtime" "^7.6.2"
    "@react-stately/selection" "^3.11.1"
    "@react-types/grid" "^3.1.5"
    "@react-types/shared" "^3.16.0"

"@react-stately/menu@^3.4.0":
  "integrity" "sha512-ZWym6XQSLaC5uFUTZl6+mreEgzc8EUG6ElcnvdXYcH4DWUfswhLxCi3IdnG0lusWEi4NcHbZ2prEUxpT8VKqrg=="
  "resolved" "https://registry.npmjs.org/@react-stately/menu/-/menu-3.4.3.tgz"
  "version" "3.4.3"
  dependencies:
    "@babel/runtime" "^7.6.2"
    "@react-stately/overlays" "^3.4.3"
    "@react-stately/utils" "^3.5.1"
    "@react-types/menu" "^3.7.3"
    "@react-types/shared" "^3.16.0"

"@react-stately/overlays@^3.4.0", "@react-stately/overlays@3.4.0":
  "integrity" "sha512-jXVm1V91lWOKh73cFvE9W9JtAE8idSWEUtFlVrlBI/jh0ZOt148UlRVWgHrm7FhaUpyvOFNUyfidRmKMuB+hgw=="
  "resolved" "https://registry.npmjs.org/@react-stately/overlays/-/overlays-3.4.0.tgz"
  "version" "3.4.0"
  dependencies:
    "@babel/runtime" "^7.6.2"
    "@react-stately/utils" "^3.5.1"
    "@react-types/overlays" "^3.6.2"

"@react-stately/overlays@^3.4.3":
  "integrity" "sha512-WZCr3J8hj0cplQki1OVBR3MXg2l9V017h15Y2h+TNduWvnKH0yYOE/XfWviAT4KUP0LYoQfCnZ7XMHv+UI+8JA=="
  "resolved" "https://registry.npmjs.org/@react-stately/overlays/-/overlays-3.4.3.tgz"
  "version" "3.4.3"
  dependencies:
    "@babel/runtime" "^7.6.2"
    "@react-stately/utils" "^3.5.1"
    "@react-types/overlays" "^3.6.5"

"@react-stately/radio@^3.5.0", "@react-stately/radio@3.5.0":
  "integrity" "sha512-qn4+wa9sf3zZXSLrrR9rQpOII8BEQeAkvxyq/YhUQXBpQ8SoF5LobpGIZqp3n8G+Cxzjxd6/GON+lOFxWr0iXA=="
  "resolved" "https://registry.npmjs.org/@react-stately/radio/-/radio-3.5.0.tgz"
  "version" "3.5.0"
  dependencies:
    "@babel/runtime" "^7.6.2"
    "@react-stately/utils" "^3.5.1"
    "@react-types/radio" "^3.2.2"

"@react-stately/selection@^3.10.2", "@react-stately/selection@^3.11.1":
  "integrity" "sha512-UHB6/eH5NJ+Q70G+pmnxohHfR3bh0szT+lOlWPj7Mh76WPu9bu07IHKLEob6PSzyJ81h7+Ysk3hdIgS3TewGog=="
  "resolved" "https://registry.npmjs.org/@react-stately/selection/-/selection-3.11.1.tgz"
  "version" "3.11.1"
  dependencies:
    "@babel/runtime" "^7.6.2"
    "@react-stately/collections" "^3.5.0"
    "@react-stately/utils" "^3.5.1"
    "@react-types/shared" "^3.16.0"

"@react-stately/table@^3.3.0", "@react-stately/table@3.3.0":
  "integrity" "sha512-qhZdgyD0EyePW/U/VlJCGLBNuzo2H1hQSgfRJ7+E5QVbqDwUUQ6Safz1EQ3Jhh64IcTDqxvKL3arr8THT7UKdA=="
  "resolved" "https://registry.npmjs.org/@react-stately/table/-/table-3.3.0.tgz"
  "version" "3.3.0"
  dependencies:
    "@babel/runtime" "^7.6.2"
    "@react-stately/collections" "^3.4.2"
    "@react-stately/grid" "^3.3.0"
    "@react-stately/selection" "^3.10.2"
    "@react-types/grid" "^3.1.2"
    "@react-types/shared" "^3.14.0"
    "@react-types/table" "^3.3.0"

"@react-stately/toggle@^3.4.0", "@react-stately/toggle@3.4.0":
  "integrity" "sha512-7kPxR2+Aze7NmpWWOQanRsQvmz7R+Sdlu+2xi0Wh5LPFg+lkXSiGY63uM2amxZcbFb0Mhy5ExlRpF53ReZjEOA=="
  "resolved" "https://registry.npmjs.org/@react-stately/toggle/-/toggle-3.4.0.tgz"
  "version" "3.4.0"
  dependencies:
    "@babel/runtime" "^7.6.2"
    "@react-stately/utils" "^3.5.1"
    "@react-types/checkbox" "^3.3.2"
    "@react-types/shared" "^3.14.0"

"@react-stately/toggle@^3.4.3":
  "integrity" "sha512-HsJLMa5d9i6SWyDIahkJExkanXZek86//hirsgSU0IvY7YJx33Wek8UwHE5Vskp39DAOu18QMz2GrAngnUErYQ=="
  "resolved" "https://registry.npmjs.org/@react-stately/toggle/-/toggle-3.4.3.tgz"
  "version" "3.4.3"
  dependencies:
    "@babel/runtime" "^7.6.2"
    "@react-stately/utils" "^3.5.1"
    "@react-types/checkbox" "^3.4.1"
    "@react-types/shared" "^3.16.0"

"@react-stately/tree@^3.3.2", "@react-stately/tree@3.3.2":
  "integrity" "sha512-goviIXFYZvWJ2FOBQdKHfLwCaFUlhyGCsbX9GB7ziZhm0Ez8iWCzEy1IWoeuPaprBlHIPv6/3XtDi4ZQ52A59g=="
  "resolved" "https://registry.npmjs.org/@react-stately/tree/-/tree-3.3.2.tgz"
  "version" "3.3.2"
  dependencies:
    "@babel/runtime" "^7.6.2"
    "@react-stately/collections" "^3.4.2"
    "@react-stately/selection" "^3.10.2"
    "@react-stately/utils" "^3.5.1"
    "@react-types/shared" "^3.14.0"

"@react-stately/utils@^3.5.1":
  "integrity" "sha512-INeQ5Er2Jm+db8Py4upKBtgfzp3UYgwXYmbU/XJn49Xw27ktuimH9e37qP3bgHaReb5L3g8IrGs38tJUpnGPHA=="
  "resolved" "https://registry.npmjs.org/@react-stately/utils/-/utils-3.5.1.tgz"
  "version" "3.5.1"
  dependencies:
    "@babel/runtime" "^7.6.2"

"@react-stately/virtualizer@^3.2.2", "@react-stately/virtualizer@^3.4.0":
  "integrity" "sha512-Yy5RKlt6W/1+qjJAVHxPJA0RgpN3KNHcSpnFHdus2OuEvylSXZ2kqwflj97Ao4XfNSpDIs4NQS/eOq+mpZlNqQ=="
  "resolved" "https://registry.npmjs.org/@react-stately/virtualizer/-/virtualizer-3.4.0.tgz"
  "version" "3.4.0"
  dependencies:
    "@babel/runtime" "^7.6.2"
    "@react-aria/utils" "^3.14.1"
    "@react-types/shared" "^3.16.0"

"@react-types/button@^3.6.0":
  "integrity" "sha512-81BQO3QxSgF9PTXsVozNdNCKxBOB1lpbCWocV99dN1ws9s8uaYw8pmJJZ0LJKLiOsIECQ/3QrhQjmWTDW/qTug=="
  "resolved" "https://registry.npmjs.org/@react-types/button/-/button-3.7.0.tgz"
  "version" "3.7.0"
  dependencies:
    "@react-types/shared" "^3.16.0"

"@react-types/checkbox@^3.3.2", "@react-types/checkbox@3.3.2":
  "integrity" "sha512-s1bgqL4qfEMEasePayukZ6pzpIzfAG1OuVmpARz0kVdVaN7e+B4+dRJ0nDtiQf/TjNLg45ZlG3NTXJ1hsZPelQ=="
  "resolved" "https://registry.npmjs.org/@react-types/checkbox/-/checkbox-3.3.2.tgz"
  "version" "3.3.2"
  dependencies:
    "@react-types/shared" "^3.14.0"

"@react-types/checkbox@^3.4.1":
  "integrity" "sha512-kDMpy9SntjGQ7x00m5zmW8GENPouOtyiDgiEDKsPXUr2iYqHsNtricqVyG9S9+6hqpzuu8BzTcvZamc/xYjzlg=="
  "resolved" "https://registry.npmjs.org/@react-types/checkbox/-/checkbox-3.4.1.tgz"
  "version" "3.4.1"
  dependencies:
    "@react-types/shared" "^3.16.0"

"@react-types/dialog@^3.4.2":
  "integrity" "sha512-FkxZAYNRWkZVH5rjlw6qyQ/SpoGcYtNI/JQvn1H/xtZy/OJh2b2ERxGWv5x0RItGSeyATdSwFO1Qnf1Kl2K02A=="
  "resolved" "https://registry.npmjs.org/@react-types/dialog/-/dialog-3.4.5.tgz"
  "version" "3.4.5"
  dependencies:
    "@react-types/overlays" "^3.6.5"
    "@react-types/shared" "^3.16.0"

"@react-types/grid@^3.1.2", "@react-types/grid@3.1.2":
  "integrity" "sha512-9mKhtBZiGlok1APRSR+hTKYFgx8XxRBBLG20/xPI1C8xCGNZvOz7CmK57LmlwYsN1BLo3S2vLOd6+M1qrw2yVg=="
  "resolved" "https://registry.npmjs.org/@react-types/grid/-/grid-3.1.2.tgz"
  "version" "3.1.2"
  dependencies:
    "@react-types/shared" "^3.14.0"

"@react-types/grid@^3.1.5":
  "integrity" "sha512-KiEywsOJ+wdzLmJerAKEMADdvdItaLfhdo3bFfn1lgNUaKiNDJctDYWlhOYsRePf7MIrzoZuXEFnJj45jfpiOQ=="
  "resolved" "https://registry.npmjs.org/@react-types/grid/-/grid-3.1.5.tgz"
  "version" "3.1.5"
  dependencies:
    "@react-types/shared" "^3.16.0"

"@react-types/label@^3.6.2":
  "integrity" "sha512-wFpdtjSDBWO4xQQGF57V3PqvVVyE9TPj9ELWLs1yzL09fpXosycuEl5d79RywVlC9aF9dQYUfES09q/DZhRhMQ=="
  "resolved" "https://registry.npmjs.org/@react-types/label/-/label-3.7.1.tgz"
  "version" "3.7.1"
  dependencies:
    "@react-types/shared" "^3.16.0"

"@react-types/link@^3.3.1":
  "integrity" "sha512-wEeYXqzRPwEwU6AakiRfsPrkGxm2l0gjIc992FBmHPz6MWU8eSATTwzeyI668eRzNrQvOBMI7il6lXuxDm1ZLg=="
  "resolved" "https://registry.npmjs.org/@react-types/link/-/link-3.3.5.tgz"
  "version" "3.3.5"
  dependencies:
    "@react-aria/interactions" "^3.13.0"
    "@react-types/shared" "^3.16.0"

"@react-types/menu@^3.7.0", "@react-types/menu@3.7.0":
  "integrity" "sha512-1kEyyb0tERlPdZ67lsC2fMZ2TTh0OdS1hcb01PrSkGna/S+H/Q9M65Xc+q9eu7QoC4+DN4Flh/7vNRT82kVlHg=="
  "resolved" "https://registry.npmjs.org/@react-types/menu/-/menu-3.7.0.tgz"
  "version" "3.7.0"
  dependencies:
    "@react-types/overlays" "^3.6.2"
    "@react-types/shared" "^3.14.0"

"@react-types/menu@^3.7.3":
  "integrity" "sha512-3Pax24I/FyNKBjKyNR4ePD8eZs35Th57HzJAVjamQg2fHEDRomg9GQ7fdmfGj72Dv3x3JRCoPYqhJ3L5R3kbzg=="
  "resolved" "https://registry.npmjs.org/@react-types/menu/-/menu-3.7.3.tgz"
  "version" "3.7.3"
  dependencies:
    "@react-types/overlays" "^3.6.5"
    "@react-types/shared" "^3.16.0"

"@react-types/overlays@^3.6.2", "@react-types/overlays@3.6.2":
  "integrity" "sha512-ag9UCIlcNCvMHBORRksdLnQK3ef+CEbrt+TydOxBAxAf+87fXJ/0H6hP/4QTebEA2ixA0qz8CFga81S8ZGnOsQ=="
  "resolved" "https://registry.npmjs.org/@react-types/overlays/-/overlays-3.6.2.tgz"
  "version" "3.6.2"
  dependencies:
    "@react-types/shared" "^3.14.0"

"@react-types/overlays@^3.6.5":
  "integrity" "sha512-IeWcF+YTucCYYHagNh8fZLH6R4YUONO1VHY57WJyIHwMy0qgEaKSQCwq72VO1fQJ0ySZgOgm31FniOyKkg6+eQ=="
  "resolved" "https://registry.npmjs.org/@react-types/overlays/-/overlays-3.6.5.tgz"
  "version" "3.6.5"
  dependencies:
    "@react-types/shared" "^3.16.0"

"@react-types/radio@^3.2.2":
  "integrity" "sha512-q/x0kMvBsu6mH4bIkp/Jjrm9ff5y/p3UR0V4CmQFI7604gQd2Dt1dZMU/2HV9x70r1JfWRrDeRrVjUHVfFL5Vg=="
  "resolved" "https://registry.npmjs.org/@react-types/radio/-/radio-3.3.1.tgz"
  "version" "3.3.1"
  dependencies:
    "@react-types/shared" "^3.16.0"

"@react-types/shared@^3.13.1", "@react-types/shared@^3.14.0", "@react-types/shared@3.14.0":
  "integrity" "sha512-K069Bh/P0qV3zUG8kqabeO8beAUlFdyVPvpcNVPjRl+0Q9NDS9mfdQbmUa0LqdVo5e6jRPdos77Ylflkrz8wcw=="
  "resolved" "https://registry.npmjs.org/@react-types/shared/-/shared-3.14.0.tgz"
  "version" "3.14.0"

"@react-types/shared@^3.16.0":
  "integrity" "sha512-IQgU4oAEvMwylEvaTsr2XB1G/mAoMe1JFYLD6G78v++oAR9l8o9MQxZ0YSeANDkqTamb2gKezGoT1RxvSKjVxw=="
  "resolved" "https://registry.npmjs.org/@react-types/shared/-/shared-3.16.0.tgz"
  "version" "3.16.0"

"@react-types/switch@^3.2.5":
  "integrity" "sha512-DlUL0Bz79SUTRje/i8m6qn4Ipn+q8QnyIkyJhkoHeH1R0YNude8xZrBPWbj3zfdddAGDFSF1NzP69q0xmNAcTQ=="
  "resolved" "https://registry.npmjs.org/@react-types/switch/-/switch-3.2.5.tgz"
  "version" "3.2.5"
  dependencies:
    "@react-types/checkbox" "^3.4.1"
    "@react-types/shared" "^3.16.0"

"@react-types/table@^3.3.0":
  "integrity" "sha512-rdY8PCzdqumVd6EFgN4NCoNRHdU4dVKH2oufr50TrAVPAz2KyoNXaGcDGe0q4RjQeTk+fc0sCvRZZdpMwHRVpQ=="
  "resolved" "https://registry.npmjs.org/@react-types/table/-/table-3.3.3.tgz"
  "version" "3.3.3"
  dependencies:
    "@react-types/grid" "^3.1.5"
    "@react-types/shared" "^3.16.0"

"@resvg/resvg-wasm@2.0.0-alpha.4":
  "integrity" "sha512-pWIG9a/x1ky8gXKRhPH1OPKpHFoMN1ISLbJ+O+gPXQHIAKhNd5I28RlWf7q576hAOQA9JZTlo3p/M2uyLzJmmw=="
  "resolved" "https://registry.npmjs.org/@resvg/resvg-wasm/-/resvg-wasm-2.0.0-alpha.4.tgz"
  "version" "2.0.0-alpha.4"

"@shuding/opentype.js@1.4.0-beta.0":
  "integrity" "sha512-3NgmNyH3l/Hv6EvsWJbsvpcpUba6R8IREQ83nH83cyakCw7uM1arZKNfHwv1Wz6jgqrF/j4x5ELvR6PnK9nTcA=="
  "resolved" "https://registry.npmjs.org/@shuding/opentype.js/-/opentype.js-1.4.0-beta.0.tgz"
  "version" "1.4.0-beta.0"
  dependencies:
    "fflate" "^0.7.3"
    "string.prototype.codepointat" "^0.2.1"

"@stitches/react@1.2.8":
  "integrity" "sha512-9g9dWI4gsSVe8bNLlb+lMkBYsnIKCZTmvqvDG+Avnn69XfmHZKiaMrx7cgTaddq7aTPPmXiTsbFcUy0xgI4+wA=="
  "resolved" "https://registry.npmjs.org/@stitches/react/-/react-1.2.8.tgz"
  "version" "1.2.8"

"@swc/helpers@0.4.14":
  "integrity" "sha512-4C7nX/dvpzB7za4Ql9K81xK3HPxCpHMgwTZVyf+9JQ6VUbn9jjZVN7/Nkdz/Ugzs2CSjqnL/UPXroiVBVHUWUw=="
  "resolved" "https://registry.npmjs.org/@swc/helpers/-/helpers-0.4.14.tgz"
  "version" "0.4.14"
  dependencies:
    "tslib" "^2.4.0"

"@types/node@18.11.11":
  "integrity" "sha512-KJ021B1nlQUBLopzZmPBVuGU9un7WJd/W4ya7Ih02B4Uwky5Nja0yGYav2EfYIk0RR2Q9oVhf60S2XR1BCWJ2g=="
  "resolved" "https://registry.npmjs.org/@types/node/-/node-18.11.11.tgz"
  "version" "18.11.11"

"@types/prop-types@*":
  "integrity" "sha512-JCB8C6SnDoQf0cNycqd/35A7MjcnK+ZTqE7judS6o7utxUCg6imJg3QK2qzHKszlTjcj2cn+NwMB2i96ubpj7w=="
  "resolved" "https://registry.npmjs.org/@types/prop-types/-/prop-types-15.7.5.tgz"
  "version" "15.7.5"

"@types/react@18.0.26":
  "integrity" "sha512-hCR3PJQsAIXyxhTNSiDFY//LhnMZWpNNr5etoCqx/iUfGc5gXWtQR2Phl908jVR6uPXacojQWTg4qRpkxTuGug=="
  "resolved" "https://registry.npmjs.org/@types/react/-/react-18.0.26.tgz"
  "version" "18.0.26"
  dependencies:
    "@types/prop-types" "*"
    "@types/scheduler" "*"
    "csstype" "^3.0.2"

"@types/scheduler@*":
  "integrity" "sha512-hppQEBDmlwhFAXKJX2KnWLYu5yMfi91yazPb2l+lbJiwW+wdo1gNeRA+3RgNSO39WYX2euey41KEwnqesU2Jew=="
  "resolved" "https://registry.npmjs.org/@types/scheduler/-/scheduler-0.16.2.tgz"
  "version" "0.16.2"

"@types/yoga-layout@1.9.2":
  "integrity" "sha512-S9q47ByT2pPvD65IvrWp7qppVMpk9WGMbVq9wbWZOHg6tnXSD4vyhao6nOSBwwfDdV2p3Kx9evA9vI+XWTfDvw=="
  "resolved" "https://registry.npmjs.org/@types/yoga-layout/-/yoga-layout-1.9.2.tgz"
  "version" "1.9.2"

"@vercel/og@^0.0.21":
  "integrity" "sha512-WgMahG5c8UM7xtn/mT+ljUpDMSDnSlu8AXL52JtTwxb1odrd0GWqZg2N1X38wulPj+sCccNpDdFmmAuw0GLc+Q=="
  "resolved" "https://registry.npmjs.org/@vercel/og/-/og-0.0.21.tgz"
  "version" "0.0.21"
  dependencies:
    "@resvg/resvg-wasm" "2.0.0-alpha.4"
    "satori" "0.0.44"
    "yoga-wasm-web" "0.1.2"

"camelize@^1.0.0":
  "integrity" "sha512-dU+Tx2fsypxTgtLoE36npi3UqcjSSMNYfkqgmoEhtZrraP5VWq0K7FkWVTYa8eMPtnU/G2txVsfdCJTn9uzpuQ=="
  "resolved" "https://registry.npmjs.org/camelize/-/camelize-1.0.1.tgz"
  "version" "1.0.1"

"caniuse-lite@^1.0.30001406":
  "integrity" "sha512-ZmWkKsnC2ifEPoWUvSAIGyOYwT+keAaaWPHiQ9DfMqS1t6tfuyFYoWR78TeZtznkEQ64+vGXH9cZrElwR2Mrxg=="
  "resolved" "https://registry.npmjs.org/caniuse-lite/-/caniuse-lite-1.0.30001436.tgz"
  "version" "1.0.30001436"

"client-only@0.0.1":
  "integrity" "sha512-IV3Ou0jSMzZrd3pZ48nLkT9DA7Ag1pnPzaiQhpW7c3RbcqqzvzzVu+L8gfqMp/8IM2MQtSiqaCxrrcfu8I8rMA=="
  "resolved" "https://registry.npmjs.org/client-only/-/client-only-0.0.1.tgz"
  "version" "0.0.1"

"clsx@^1.1.1":
  "integrity" "sha512-EcR6r5a8bj6pu3ycsa/E/cKVGuTgZJZdsyUYHOksG/UHIiKfjxzRxYJpyVBwYaQeOvghal9fcc4PidlgzugAQg=="
  "resolved" "https://registry.npmjs.org/clsx/-/clsx-1.2.1.tgz"
  "version" "1.2.1"

"css-background-parser@^0.1.0":
  "integrity" "sha512-2EZLisiZQ+7m4wwur/qiYJRniHX4K5Tc9w93MT3AS0WS1u5kaZ4FKXlOTBhOjc+CgEgPiGY+fX1yWD8UwpEqUA=="
  "resolved" "https://registry.npmjs.org/css-background-parser/-/css-background-parser-0.1.0.tgz"
  "version" "0.1.0"

"css-box-shadow@1.0.0-3":
  "integrity" "sha512-9jaqR6e7Ohds+aWwmhe6wILJ99xYQbfmK9QQB9CcMjDbTxPZjwEmUQpU91OG05Xgm8BahT5fW+svbsQGjS/zPg=="
  "resolved" "https://registry.npmjs.org/css-box-shadow/-/css-box-shadow-1.0.0-3.tgz"
  "version" "1.0.0-3"

"css-color-keywords@^1.0.0":
  "integrity" "sha512-FyyrDHZKEjXDpNJYvVsV960FiqQyXc/LlYmsxl2BcdMb2WPx0OGRVgTg55rPSyLSNMqP52R9r8geSp7apN3Ofg=="
  "resolved" "https://registry.npmjs.org/css-color-keywords/-/css-color-keywords-1.0.0.tgz"
  "version" "1.0.0"

"css-to-react-native@^3.0.0":
  "integrity" "sha512-Ro1yETZA813eoyUp2GDBhG2j+YggidUmzO1/v9eYBKR2EHVEniE2MI/NqpTQ954BMpTPZFsGNPm46qFB9dpaPQ=="
  "resolved" "https://registry.npmjs.org/css-to-react-native/-/css-to-react-native-3.0.0.tgz"
  "version" "3.0.0"
  dependencies:
    "camelize" "^1.0.0"
    "css-color-keywords" "^1.0.0"
    "postcss-value-parser" "^4.0.2"

"csstype@^3.0.2":
  "integrity" "sha512-DJR/VvkAvSZW9bTouZue2sSxDwdTN92uHjqeKVm+0dAqdfNykRzQ95tay8aXMBAAPpUiq4Qcug2L7neoRh2Egw=="
  "resolved" "https://registry.npmjs.org/csstype/-/csstype-3.1.1.tgz"
  "version" "3.1.1"

"emoji-regex@^10.2.1":
  "integrity" "sha512-97g6QgOk8zlDRdgq1WxwgTMgEWGVAQvB5Fdpgc1MkNy56la5SKP9GsMXKDOdqwn90/41a8yPwIGk1Y6WVbeMQA=="
  "resolved" "https://registry.npmjs.org/emoji-regex/-/emoji-regex-10.2.1.tgz"
  "version" "10.2.1"

"fflate@^0.7.3":
  "integrity" "sha512-5u2V/CDW15QM1XbbgS+0DfPxVB+jUKhWEKuuFuHncbk3tEEqzmoXL+2KyOFuKGqOnmdIy0/davWF1CkuwtibCw=="
  "resolved" "https://registry.npmjs.org/fflate/-/fflate-0.7.4.tgz"
  "version" "0.7.4"

"intl-messageformat@^10.1.0":
  "integrity" "sha512-AievYMN6WLLHwBeCTv4aRKG+w3ZNyZtkObwgsKk3Q7GNTq8zDRvDbJSBQkb2OPeVCcAKcIXvak9FF/bRNavoww=="
  "resolved" "https://registry.npmjs.org/intl-messageformat/-/intl-messageformat-10.2.5.tgz"
  "version" "10.2.5"
  dependencies:
    "@formatjs/ecma402-abstract" "1.14.3"
    "@formatjs/fast-memoize" "1.2.7"
    "@formatjs/icu-messageformat-parser" "2.1.14"
    "tslib" "^2.4.0"

"js-tokens@^3.0.0 || ^4.0.0":
  "integrity" "sha512-RdJUflcE3cUzKiMqQgsCu06FPu9UdIJO0beYbPhHN4k6apgJtifcoCtT9bcxOpYBtpD2kCM6Sbzg4CausW/PKQ=="
  "resolved" "https://registry.npmjs.org/js-tokens/-/js-tokens-4.0.0.tgz"
  "version" "4.0.0"

"loose-envify@^1.1.0":
  "integrity" "sha512-lyuxPGr/Wfhrlem2CL/UcnUc1zcqKAImBDzukY7Y5F/yQiNdko6+fRLevlw1HgMySw7f611UIY408EtxRSoK3Q=="
  "resolved" "https://registry.npmjs.org/loose-envify/-/loose-envify-1.4.0.tgz"
  "version" "1.4.0"
  dependencies:
    "js-tokens" "^3.0.0 || ^4.0.0"

"nanoid@^3.3.4":
  "integrity" "sha512-MqBkQh/OHTS2egovRtLk45wEyNXwF+cokD+1YPf9u5VfJiRdAiRwB2froX5Co9Rh20xs4siNPm8naNotSD6RBw=="
  "resolved" "https://registry.npmjs.org/nanoid/-/nanoid-3.3.4.tgz"
  "version" "3.3.4"

"next@^13.0.6":
  "integrity" "sha512-COvigvms2LRt1rrzfBQcMQ2GZd86Mvk1z+LOLY5pniFtL4VrTmhZ9salrbKfSiXbhsD01TrDdD68ec3ABDyscA=="
  "resolved" "https://registry.npmjs.org/next/-/next-13.0.6.tgz"
  "version" "13.0.6"
  dependencies:
    "@next/env" "13.0.6"
    "@swc/helpers" "0.4.14"
    "caniuse-lite" "^1.0.30001406"
    "postcss" "8.4.14"
    "styled-jsx" "5.1.0"
  optionalDependencies:
    "@next/swc-android-arm-eabi" "13.0.6"
    "@next/swc-android-arm64" "13.0.6"
    "@next/swc-darwin-arm64" "13.0.6"
    "@next/swc-darwin-x64" "13.0.6"
    "@next/swc-freebsd-x64" "13.0.6"
    "@next/swc-linux-arm-gnueabihf" "13.0.6"
    "@next/swc-linux-arm64-gnu" "13.0.6"
    "@next/swc-linux-arm64-musl" "13.0.6"
    "@next/swc-linux-x64-gnu" "13.0.6"
    "@next/swc-linux-x64-musl" "13.0.6"
    "@next/swc-win32-arm64-msvc" "13.0.6"
    "@next/swc-win32-ia32-msvc" "13.0.6"
    "@next/swc-win32-x64-msvc" "13.0.6"

"picocolors@^1.0.0":
  "integrity" "sha512-1fygroTLlHu66zi26VoTDv8yRgm0Fccecssto+MhsZ0D/DGW2sm8E8AjW7NU5VVTRt5GxbeZ5qBuJr+HyLYkjQ=="
  "resolved" "https://registry.npmjs.org/picocolors/-/picocolors-1.0.0.tgz"
  "version" "1.0.0"

"postcss-value-parser@^4.0.2", "postcss-value-parser@^4.2.0":
  "integrity" "sha512-1NNCs6uurfkVbeXG4S8JFT9t19m45ICnif8zWLd5oPSZ50QnwMfK+H3jv408d4jw/7Bttv5axS5IiHoLaVNHeQ=="
  "resolved" "https://registry.npmjs.org/postcss-value-parser/-/postcss-value-parser-4.2.0.tgz"
  "version" "4.2.0"

"postcss@8.4.14":
  "integrity" "sha512-E398TUmfAYFPBSdzgeieK2Y1+1cpdxJx8yXbK/m57nRhKSmk1GB2tO4lbLBtlkfPQTDKfe4Xqv1ASWPpayPEig=="
  "resolved" "https://registry.npmjs.org/postcss/-/postcss-8.4.14.tgz"
  "version" "8.4.14"
  dependencies:
    "nanoid" "^3.3.4"
    "picocolors" "^1.0.0"
    "source-map-js" "^1.0.2"

"react-dom@^16.8.0 || ^17.0.0-rc.1 || ^18.0.0", "react-dom@^18.2.0", "react-dom@>=16.8.0":
  "integrity" "sha512-6IMTriUmvsjHUjNtEDudZfuDQUoWXVxKHhlEGSk81n4YFS+r/Kl99wXiwlVXtPBtJenozv2P+hxDsw9eA7Xo6g=="
  "resolved" "https://registry.npmjs.org/react-dom/-/react-dom-18.2.0.tgz"
  "version" "18.2.0"
  dependencies:
    "loose-envify" "^1.1.0"
    "scheduler" "^0.23.0"

"react-hook-form@^7.40.0":
  "integrity" "sha512-0rokdxMPJs0k9bvFtY6dbcSydyNhnZNXCR49jgDr/aR03FDHFOK6gfh8ccqB3fl696Mk7lqh04xdm+agqWXKSw=="
  "resolved" "https://registry.npmjs.org/react-hook-form/-/react-hook-form-7.40.0.tgz"
  "version" "7.40.0"

"react@^16.8.0 || ^17 || ^18", "react@^16.8.0 || ^17.0.0-rc.1 || ^18.0.0", "react@^18.2.0", "react@>= 16.3.0", "react@>= 16.8.0 || 17.x.x || ^18.0.0-0", "react@>=16.8.0":
  "integrity" "sha512-/3IjMdb2L9QbBdWiW5e3P2/npwMBaU9mHCSCUzNln0ZCYbcfTsGbTJrU/kGemdH2IWmB2ioZ+zkxtmq6g09fGQ=="
  "resolved" "https://registry.npmjs.org/react/-/react-18.2.0.tgz"
  "version" "18.2.0"
  dependencies:
    "loose-envify" "^1.1.0"

"regenerator-runtime@^0.13.11":
  "integrity" "sha512-kY1AZVr2Ra+t+piVaJ4gxaFaReZVH40AKNo7UCX6W+dEwBo/2oZJzqfuN1qLq1oL45o56cPaTXELwrTh8Fpggg=="
  "resolved" "https://registry.npmjs.org/regenerator-runtime/-/regenerator-runtime-0.13.11.tgz"
  "version" "0.13.11"

"satori@0.0.44":
  "integrity" "sha512-WKUxXC2qeyno6J3ucwwLozPL6j1HXOZiN5wIUf7iqAhlx1RUC/6ePIKHi7iPc3Cy6DYuZcJriZXxXkSdo2FQHg=="
  "resolved" "https://registry.npmjs.org/satori/-/satori-0.0.44.tgz"
  "version" "0.0.44"
  dependencies:
    "@shuding/opentype.js" "1.4.0-beta.0"
    "css-background-parser" "^0.1.0"
    "css-box-shadow" "1.0.0-3"
    "css-to-react-native" "^3.0.0"
    "emoji-regex" "^10.2.1"
    "postcss-value-parser" "^4.2.0"
    "yoga-layout-prebuilt" "^1.10.0"

"scheduler@^0.23.0":
  "integrity" "sha512-CtuThmgHNg7zIZWAXi3AsyIzA3n4xx7aNyjwC2VJldO2LMVDhFK+63xGqq6CsJH4rTAt6/M+N4GhZiDYPx9eUw=="
  "resolved" "https://registry.npmjs.org/scheduler/-/scheduler-0.23.0.tgz"
  "version" "0.23.0"
  dependencies:
    "loose-envify" "^1.1.0"

"source-map-js@^1.0.2":
  "integrity" "sha512-R0XvVJ9WusLiqTCEiGCmICCMplcCkIwwR11mOSD9CR5u+IXYdiseeEuXCVAjS54zqwkLcPNnmU4OeJ6tUrWhDw=="
  "resolved" "https://registry.npmjs.org/source-map-js/-/source-map-js-1.0.2.tgz"
  "version" "1.0.2"

"string.prototype.codepointat@^0.2.1":
  "integrity" "sha512-2cBVCj6I4IOvEnjgO/hWqXjqBGsY+zwPmHl12Srk9IXSZ56Jwwmy+66XO5Iut/oQVR7t5ihYdLB0GMa4alEUcg=="
  "resolved" "https://registry.npmjs.org/string.prototype.codepointat/-/string.prototype.codepointat-0.2.1.tgz"
  "version" "0.2.1"

"styled-jsx@5.1.0":
  "integrity" "sha512-/iHaRJt9U7T+5tp6TRelLnqBqiaIT0HsO0+vgyj8hK2KUk7aejFqRrumqPUlAqDwAj8IbS/1hk3IhBAAK/FCUQ=="
  "resolved" "https://registry.npmjs.org/styled-jsx/-/styled-jsx-5.1.0.tgz"
  "version" "5.1.0"
  dependencies:
    "client-only" "0.0.1"

"tslib@^2.4.0":
  "integrity" "sha512-tGyy4dAjRIEwI7BzsB0lynWgOpfqjUdq91XXAlIWD2OwKBH7oCl/GZG/HT4BOHrTlPMOASlMQ7veyTqpmRcrNA=="
  "resolved" "https://registry.npmjs.org/tslib/-/tslib-2.4.1.tgz"
  "version" "2.4.1"

"typescript@4.9.3":
  "integrity" "sha512-CIfGzTelbKNEnLpLdGFgdyKhG23CKdKgQPOBc+OUNrkJ2vr+KSzsSV5kq5iWhEQbok+quxgGzrAtGWCyU7tHnA=="
  "resolved" "https://registry.npmjs.org/typescript/-/typescript-4.9.3.tgz"
  "version" "4.9.3"

"yoga-layout-prebuilt@^1.10.0":
  "integrity" "sha512-YnOmtSbv4MTf7RGJMK0FvZ+KD8OEe/J5BNnR0GHhD8J/XcG/Qvxgszm0Un6FTHWW4uHlTgP0IztiXQnGyIR45g=="
  "resolved" "https://registry.npmjs.org/yoga-layout-prebuilt/-/yoga-layout-prebuilt-1.10.0.tgz"
  "version" "1.10.0"
  dependencies:
    "@types/yoga-layout" "1.9.2"

"yoga-wasm-web@0.1.2":
  "integrity" "sha512-8SkgawHcA0RUbMrnhxbaQkZDBi8rMed8pQHixkFF9w32zGhAwZ9/cOHWlpYfr6RCx42Yp3siV45/jPEkJxsk6w=="
  "resolved" "https://registry.npmjs.org/yoga-wasm-web/-/yoga-wasm-web-0.1.2.tgz"
  "version" "0.1.2"
